
Microsoft Visual Studio Solution File, Format Version 12.00
# Visual Studio 15
VisualStudioVersion = 15.0.28307.489
MinimumVisualStudioVersion = 10.0.40219.1
Project("{FAE04EC0-301F-11D3-BF4B-00C04F79EFBC}") = "WcfServiceDemo", "WcfServiceDemo\WcfServiceDemo.csproj", "{549EA822-8683-4973-90BA-7D35FBC000B7}"
EndProject
Project("{FAE04EC0-301F-11D3-BF4B-00C04F79EFBC}") = "WcfClient", "WcfClient\WcfClient.csproj", "{0F6364E3-5235-4ECC-A6CE-B21AE794C067}"
	ProjectSection(ProjectDependencies) = postProject
		{549EA822-8683-4973-90BA-7D35FBC000B7} = {549EA822-8683-4973-90BA-7D35FBC000B7}
	EndProjectSection
EndProject
Global
	GlobalSection(SolutionConfigurationPlatforms) = preSolution
		Debug|Any CPU = Debug|Any CPU
		Release|Any CPU = Release|Any CPU
	EndGlobalSection
	GlobalSection(ProjectConfigurationPlatforms) = postSolution
		{549EA822-8683-4973-90BA-7D35FBC000B7}.Debug|Any CPU.ActiveCfg = Debug|Any CPU
		{549EA822-8683-4973-90BA-7D35FBC000B7}.Debug|Any CPU.Build.0 = Debug|Any CPU
		{549EA822-8683-4973-90BA-7D35FBC000B7}.Release|Any CPU.ActiveCfg = Release|Any CPU
		{549EA822-8683-4973-90BA-7D35FBC000B7}.Release|Any CPU.Build.0 = Release|Any CPU
		{0F6364E3-5235-4ECC-A6CE-B21AE794C067}.Debug|Any CPU.ActiveCfg = Debug|Any CPU
		{0F6364E3-5235-4ECC-A6CE-B21AE794C067}.Debug|Any CPU.Build.0 = Debug|Any CPU
		{0F6364E3-5235-4ECC-A6CE-B21AE794C067}.Release|Any CPU.ActiveCfg = Release|Any CPU
		{0F6364E3-5235-4ECC-A6CE-B21AE794C067}.Release|Any CPU.Build.0 = Release|Any CPU
	EndGlobalSection
	GlobalSection(SolutionProperties) = preSolution
		HideSolutionNode = FALSE
	EndGlobalSection
	GlobalSection(ExtensibilityGlobals) = postSolution
		SolutionGuid = {AD126B1F-3864-431B-A839-AEB294036E9D}
	EndGlobalSection
EndGlobal
