
Microsoft Visual Studio Solution File, Format Version 12.00
# Visual Studio 15
VisualStudioVersion = 15.0.28307.489
MinimumVisualStudioVersion = 10.0.40219.1
Project("{FAE04EC0-301F-11D3-BF4B-00C04F79EFBC}") = "XmlHttpRequestDemo", "XmlHttpRequestDemo\XmlHttpRequestDemo.csproj", "{008487BD-EDFF-4569-A06C-ED632D7B695D}"
EndProject
Global
	GlobalSection(SolutionConfigurationPlatforms) = preSolution
		Debug|Any CPU = Debug|Any CPU
		Release|Any CPU = Release|Any CPU
	EndGlobalSection
	GlobalSection(ProjectConfigurationPlatforms) = postSolution
		{008487BD-EDFF-4569-A06C-ED632D7B695D}.Debug|Any CPU.ActiveCfg = Debug|Any CPU
		{008487BD-EDFF-4569-A06C-ED632D7B695D}.Debug|Any CPU.Build.0 = Debug|Any CPU
		{008487BD-EDFF-4569-A06C-ED632D7B695D}.Release|Any CPU.ActiveCfg = Release|Any CPU
		{008487BD-EDFF-4569-A06C-ED632D7B695D}.Release|Any CPU.Build.0 = Release|Any CPU
	EndGlobalSection
	GlobalSection(SolutionProperties) = preSolution
		HideSolutionNode = FALSE
	EndGlobalSection
	GlobalSection(ExtensibilityGlobals) = postSolution
		SolutionGuid = {F7D93CAE-1CC6-44EF-9394-52513AC5DBCC}
	EndGlobalSection
EndGlobal
