
Microsoft Visual Studio Solution File, Format Version 12.00
# Visual Studio Version 16
VisualStudioVersion = 16.0.29503.13
MinimumVisualStudioVersion = 10.0.40219.1
Project("{E24C65DC-7377-472B-9ABA-BC803B73C61A}") = "WcfServiceFirst", "WcfServiceFirst\", "{502E2C42-05AE-4E2B-A397-5F1CA57FF73B}"
	ProjectSection(WebsiteProperties) = preProject
		TargetFrameworkMoniker = ".NETFramework,Version%3Dv4.6.1"
		Debug.AspNetCompiler.VirtualPath = "/localhost_58643"
		Debug.AspNetCompiler.PhysicalPath = "WcfServiceFirst\"
		Debug.AspNetCompiler.TargetPath = "PrecompiledWeb\localhost_58643\"
		Debug.AspNetCompiler.Updateable = "true"
		Debug.AspNetCompiler.ForceOverwrite = "true"
		Debug.AspNetCompiler.FixedNames = "false"
		Debug.AspNetCompiler.Debug = "True"
		Release.AspNetCompiler.VirtualPath = "/localhost_58643"
		Release.AspNetCompiler.PhysicalPath = "WcfServiceFirst\"
		Release.AspNetCompiler.TargetPath = "PrecompiledWeb\localhost_58643\"
		Release.AspNetCompiler.Updateable = "true"
		Release.AspNetCompiler.ForceOverwrite = "true"
		Release.AspNetCompiler.FixedNames = "false"
		Release.AspNetCompiler.Debug = "False"
		VWDPort = "58643"
		SlnRelativePath = "WcfServiceFirst\"
		DefaultWebSiteLanguage = "Visual C#"
	EndProjectSection
EndProject
Project("{FAE04EC0-301F-11D3-BF4B-00C04F79EFBC}") = "WcfFirstClient", "WcfFirstClient\WcfFirstClient.csproj", "{EE227C21-35A0-4392-91B3-5A283819B0E6}"
	ProjectSection(ProjectDependencies) = postProject
		{502E2C42-05AE-4E2B-A397-5F1CA57FF73B} = {502E2C42-05AE-4E2B-A397-5F1CA57FF73B}
	EndProjectSection
EndProject
Project("{FAE04EC0-301F-11D3-BF4B-00C04F79EFBC}") = "WcfFirstCoreClient", "WcfFirstCoreClient\WcfFirstCoreClient.csproj", "{563EBFF7-1BC3-4BB9-ACCC-0C821EA83912}"
EndProject
Global
	GlobalSection(SolutionConfigurationPlatforms) = preSolution
		Debug|Any CPU = Debug|Any CPU
		Release|Any CPU = Release|Any CPU
	EndGlobalSection
	GlobalSection(ProjectConfigurationPlatforms) = postSolution
		{502E2C42-05AE-4E2B-A397-5F1CA57FF73B}.Debug|Any CPU.ActiveCfg = Debug|Any CPU
		{502E2C42-05AE-4E2B-A397-5F1CA57FF73B}.Debug|Any CPU.Build.0 = Debug|Any CPU
		{502E2C42-05AE-4E2B-A397-5F1CA57FF73B}.Release|Any CPU.ActiveCfg = Debug|Any CPU
		{502E2C42-05AE-4E2B-A397-5F1CA57FF73B}.Release|Any CPU.Build.0 = Debug|Any CPU
		{EE227C21-35A0-4392-91B3-5A283819B0E6}.Debug|Any CPU.ActiveCfg = Debug|Any CPU
		{EE227C21-35A0-4392-91B3-5A283819B0E6}.Debug|Any CPU.Build.0 = Debug|Any CPU
		{EE227C21-35A0-4392-91B3-5A283819B0E6}.Release|Any CPU.ActiveCfg = Release|Any CPU
		{EE227C21-35A0-4392-91B3-5A283819B0E6}.Release|Any CPU.Build.0 = Release|Any CPU
		{563EBFF7-1BC3-4BB9-ACCC-0C821EA83912}.Debug|Any CPU.ActiveCfg = Debug|Any CPU
		{563EBFF7-1BC3-4BB9-ACCC-0C821EA83912}.Debug|Any CPU.Build.0 = Debug|Any CPU
		{563EBFF7-1BC3-4BB9-ACCC-0C821EA83912}.Release|Any CPU.ActiveCfg = Release|Any CPU
		{563EBFF7-1BC3-4BB9-ACCC-0C821EA83912}.Release|Any CPU.Build.0 = Release|Any CPU
	EndGlobalSection
	GlobalSection(SolutionProperties) = preSolution
		HideSolutionNode = FALSE
	EndGlobalSection
	GlobalSection(ExtensibilityGlobals) = postSolution
		SolutionGuid = {AD814676-A6D9-4D92-A143-EB59029D65F5}
	EndGlobalSection
EndGlobal
